
Microsoft Visual Studio Solution File, Format Version 12.00
# Visual Studio Version 17
VisualStudioVersion = 17.12.35707.178 d17.12
MinimumVisualStudioVersion = 10.0.40219.1
Project("{FAE04EC0-301F-11D3-BF4B-00C04F79EFBC}") = "Task3_0", "Task3_0\Task3_0.csproj", "{04E2D47E-81D8-416D-BE6F-0A36F29E086D}"
EndProject
Project("{FAE04EC0-301F-11D3-BF4B-00C04F79EFBC}") = "Task3_1", "Task3_1\Task3_1.csproj", "{35E5B0A8-9D9C-4AED-B979-9891E0DF31F9}"
EndProject
Project("{FAE04EC0-301F-11D3-BF4B-00C04F79EFBC}") = "Task3_2", "Task3_2\Task3_2.csproj", "{EF0093BF-0B5D-455A-B604-FA3165CF02EF}"
EndProject
Project("{FAE04EC0-301F-11D3-BF4B-00C04F79EFBC}") = "Task3_3", "Task3_3\Task3_3.csproj", "{ABFD6282-62DF-40B5-8ED5-2819FFD2A7AD}"
EndProject
Project("{FAE04EC0-301F-11D3-BF4B-00C04F79EFBC}") = "Task3_4", "Task3_4\Task3_4.csproj", "{18726C71-9B50-46DF-91C1-38347C9E7C38}"
EndProject
Project("{FAE04EC0-301F-11D3-BF4B-00C04F79EFBC}") = "Task3_5", "Task3_5\Task3_5.csproj", "{B34EA935-1100-4F39-9F59-A57089FC1C17}"
EndProject
Project("{FAE04EC0-301F-11D3-BF4B-00C04F79EFBC}") = "Task3_6", "Task3_6\Task3_6.csproj", "{B53E2FD0-E553-46D7-8675-F4AEE5B5B6D6}"
EndProject
Project("{FAE04EC0-301F-11D3-BF4B-00C04F79EFBC}") = "Task3_7", "Task3_7\Task3_7.csproj", "{7794C5ED-1273-42F4-8759-AB98176ECC45}"
EndProject
Project("{FAE04EC0-301F-11D3-BF4B-00C04F79EFBC}") = "Task3_8", "Task3_8\Task3_8.csproj", "{9EC37F62-D5AF-47DD-A601-F91D3B391CD8}"
EndProject
Project("{FAE04EC0-301F-11D3-BF4B-00C04F79EFBC}") = "Task3_9", "Task3_9\Task3_9.csproj", "{AC37D9BE-7B4B-49D1-BC7F-970738DDFCB5}"
EndProject
Project("{FAE04EC0-301F-11D3-BF4B-00C04F79EFBC}") = "Task3_10", "Task3_10\Task3_10.csproj", "{6BE0B4A6-EDBE-454E-93B7-D82B2DBEF182}"
EndProject
Project("{FAE04EC0-301F-11D3-BF4B-00C04F79EFBC}") = "Task3_11", "Task3_11\Task3_11.csproj", "{EE41755E-16E7-46C9-9871-45F0EAEFAB9A}"
EndProject
Global
	GlobalSection(SolutionConfigurationPlatforms) = preSolution
		Debug|Any CPU = Debug|Any CPU
		Release|Any CPU = Release|Any CPU
	EndGlobalSection
	GlobalSection(ProjectConfigurationPlatforms) = postSolution
		{04E2D47E-81D8-416D-BE6F-0A36F29E086D}.Debug|Any CPU.ActiveCfg = Debug|Any CPU
		{04E2D47E-81D8-416D-BE6F-0A36F29E086D}.Debug|Any CPU.Build.0 = Debug|Any CPU
		{04E2D47E-81D8-416D-BE6F-0A36F29E086D}.Release|Any CPU.ActiveCfg = Release|Any CPU
		{04E2D47E-81D8-416D-BE6F-0A36F29E086D}.Release|Any CPU.Build.0 = Release|Any CPU
		{35E5B0A8-9D9C-4AED-B979-9891E0DF31F9}.Debug|Any CPU.ActiveCfg = Debug|Any CPU
		{35E5B0A8-9D9C-4AED-B979-9891E0DF31F9}.Debug|Any CPU.Build.0 = Debug|Any CPU
		{35E5B0A8-9D9C-4AED-B979-9891E0DF31F9}.Release|Any CPU.ActiveCfg = Release|Any CPU
		{35E5B0A8-9D9C-4AED-B979-9891E0DF31F9}.Release|Any CPU.Build.0 = Release|Any CPU
		{EF0093BF-0B5D-455A-B604-FA3165CF02EF}.Debug|Any CPU.ActiveCfg = Debug|Any CPU
		{EF0093BF-0B5D-455A-B604-FA3165CF02EF}.Debug|Any CPU.Build.0 = Debug|Any CPU
		{EF0093BF-0B5D-455A-B604-FA3165CF02EF}.Release|Any CPU.ActiveCfg = Release|Any CPU
		{EF0093BF-0B5D-455A-B604-FA3165CF02EF}.Release|Any CPU.Build.0 = Release|Any CPU
		{ABFD6282-62DF-40B5-8ED5-2819FFD2A7AD}.Debug|Any CPU.ActiveCfg = Debug|Any CPU
		{ABFD6282-62DF-40B5-8ED5-2819FFD2A7AD}.Debug|Any CPU.Build.0 = Debug|Any CPU
		{ABFD6282-62DF-40B5-8ED5-2819FFD2A7AD}.Release|Any CPU.ActiveCfg = Release|Any CPU
		{ABFD6282-62DF-40B5-8ED5-2819FFD2A7AD}.Release|Any CPU.Build.0 = Release|Any CPU
		{18726C71-9B50-46DF-91C1-38347C9E7C38}.Debug|Any CPU.ActiveCfg = Debug|Any CPU
		{18726C71-9B50-46DF-91C1-38347C9E7C38}.Debug|Any CPU.Build.0 = Debug|Any CPU
		{18726C71-9B50-46DF-91C1-38347C9E7C38}.Release|Any CPU.ActiveCfg = Release|Any CPU
		{18726C71-9B50-46DF-91C1-38347C9E7C38}.Release|Any CPU.Build.0 = Release|Any CPU
		{B34EA935-1100-4F39-9F59-A57089FC1C17}.Debug|Any CPU.ActiveCfg = Debug|Any CPU
		{B34EA935-1100-4F39-9F59-A57089FC1C17}.Debug|Any CPU.Build.0 = Debug|Any CPU
		{B34EA935-1100-4F39-9F59-A57089FC1C17}.Release|Any CPU.ActiveCfg = Release|Any CPU
		{B34EA935-1100-4F39-9F59-A57089FC1C17}.Release|Any CPU.Build.0 = Release|Any CPU
		{B53E2FD0-E553-46D7-8675-F4AEE5B5B6D6}.Debug|Any CPU.ActiveCfg = Debug|Any CPU
		{B53E2FD0-E553-46D7-8675-F4AEE5B5B6D6}.Debug|Any CPU.Build.0 = Debug|Any CPU
		{B53E2FD0-E553-46D7-8675-F4AEE5B5B6D6}.Release|Any CPU.ActiveCfg = Release|Any CPU
		{B53E2FD0-E553-46D7-8675-F4AEE5B5B6D6}.Release|Any CPU.Build.0 = Release|Any CPU
		{7794C5ED-1273-42F4-8759-AB98176ECC45}.Debug|Any CPU.ActiveCfg = Debug|Any CPU
		{7794C5ED-1273-42F4-8759-AB98176ECC45}.Debug|Any CPU.Build.0 = Debug|Any CPU
		{7794C5ED-1273-42F4-8759-AB98176ECC45}.Release|Any CPU.ActiveCfg = Release|Any CPU
		{7794C5ED-1273-42F4-8759-AB98176ECC45}.Release|Any CPU.Build.0 = Release|Any CPU
		{9EC37F62-D5AF-47DD-A601-F91D3B391CD8}.Debug|Any CPU.ActiveCfg = Debug|Any CPU
		{9EC37F62-D5AF-47DD-A601-F91D3B391CD8}.Debug|Any CPU.Build.0 = Debug|Any CPU
		{9EC37F62-D5AF-47DD-A601-F91D3B391CD8}.Release|Any CPU.ActiveCfg = Release|Any CPU
		{9EC37F62-D5AF-47DD-A601-F91D3B391CD8}.Release|Any CPU.Build.0 = Release|Any CPU
		{AC37D9BE-7B4B-49D1-BC7F-970738DDFCB5}.Debug|Any CPU.ActiveCfg = Debug|Any CPU
		{AC37D9BE-7B4B-49D1-BC7F-970738DDFCB5}.Debug|Any CPU.Build.0 = Debug|Any CPU
		{AC37D9BE-7B4B-49D1-BC7F-970738DDFCB5}.Release|Any CPU.ActiveCfg = Release|Any CPU
		{AC37D9BE-7B4B-49D1-BC7F-970738DDFCB5}.Release|Any CPU.Build.0 = Release|Any CPU
		{6BE0B4A6-EDBE-454E-93B7-D82B2DBEF182}.Debug|Any CPU.ActiveCfg = Debug|Any CPU
		{6BE0B4A6-EDBE-454E-93B7-D82B2DBEF182}.Debug|Any CPU.Build.0 = Debug|Any CPU
		{6BE0B4A6-EDBE-454E-93B7-D82B2DBEF182}.Release|Any CPU.ActiveCfg = Release|Any CPU
		{6BE0B4A6-EDBE-454E-93B7-D82B2DBEF182}.Release|Any CPU.Build.0 = Release|Any CPU
		{EE41755E-16E7-46C9-9871-45F0EAEFAB9A}.Debug|Any CPU.ActiveCfg = Debug|Any CPU
		{EE41755E-16E7-46C9-9871-45F0EAEFAB9A}.Debug|Any CPU.Build.0 = Debug|Any CPU
		{EE41755E-16E7-46C9-9871-45F0EAEFAB9A}.Release|Any CPU.ActiveCfg = Release|Any CPU
		{EE41755E-16E7-46C9-9871-45F0EAEFAB9A}.Release|Any CPU.Build.0 = Release|Any CPU
	EndGlobalSection
	GlobalSection(SolutionProperties) = preSolution
		HideSolutionNode = FALSE
	EndGlobalSection
EndGlobal
